// !$*UTF8*$!
{
	archiveVersion = 1;
	classes = {
	};
	objectVersion = 56;
	objects = {

/* Begin PBXBuildFile section */
		0302D0A32BA793EB009E54E3 /* TravelSchedulerApp.swift in Sources */ = {isa = PBXBuildFile; fileRef = 0302D0A22BA793EB009E54E3 /* TravelSchedulerApp.swift */; };
		0302D0A52BA793EB009E54E3 /* MainTabView.swift in Sources */ = {isa = PBXBuildFile; fileRef = 0302D0A42BA793EB009E54E3 /* MainTabView.swift */; };
		0302D0A72BA793EC009E54E3 /* Assets.xcassets in Resources */ = {isa = PBXBuildFile; fileRef = 0302D0A62BA793EC009E54E3 /* Assets.xcassets */; };
		0302D0AA2BA793EC009E54E3 /* Preview Assets.xcassets in Resources */ = {isa = PBXBuildFile; fileRef = 0302D0A92BA793EC009E54E3 /* Preview Assets.xcassets */; };
		0302D0B22BA79516009E54E3 /* OpenAPIURLSession in Frameworks */ = {isa = PBXBuildFile; productRef = 0302D0B12BA79516009E54E3 /* OpenAPIURLSession */; };
		0302D0B52BA79528009E54E3 /* OpenAPIRuntime in Frameworks */ = {isa = PBXBuildFile; productRef = 0302D0B42BA79528009E54E3 /* OpenAPIRuntime */; };
		0302D0BC2BA795C8009E54E3 /* openapi.yaml in Resources */ = {isa = PBXBuildFile; fileRef = 0302D0BB2BA795C8009E54E3 /* openapi.yaml */; };
		0302D0BE2BA795E5009E54E3 /* openapi-generator-config.yaml in Resources */ = {isa = PBXBuildFile; fileRef = 0302D0BD2BA795E5009E54E3 /* openapi-generator-config.yaml */; };
		0302D0C32BA7962C009E54E3 /* NearestStationsService.swift in Sources */ = {isa = PBXBuildFile; fileRef = 0302D0C22BA7962C009E54E3 /* NearestStationsService.swift */; };
		0302D0C52BA79647009E54E3 /* NearestSettlementService.swift in Sources */ = {isa = PBXBuildFile; fileRef = 0302D0C42BA79646009E54E3 /* NearestSettlementService.swift */; };
		0302D0CC2BA79652009E54E3 /* CopyrightService.swift in Sources */ = {isa = PBXBuildFile; fileRef = 0302D0C62BA79651009E54E3 /* CopyrightService.swift */; };
		0302D0CD2BA79652009E54E3 /* ScheduleService.swift in Sources */ = {isa = PBXBuildFile; fileRef = 0302D0C72BA79651009E54E3 /* ScheduleService.swift */; };
		0302D0CE2BA79652009E54E3 /* SearchService.swift in Sources */ = {isa = PBXBuildFile; fileRef = 0302D0C82BA79651009E54E3 /* SearchService.swift */; };
		0302D0CF2BA79652009E54E3 /* ThreadListService.swift in Sources */ = {isa = PBXBuildFile; fileRef = 0302D0C92BA79652009E54E3 /* ThreadListService.swift */; };
		0302D0D02BA79652009E54E3 /* AllStationsService.swift in Sources */ = {isa = PBXBuildFile; fileRef = 0302D0CA2BA79652009E54E3 /* AllStationsService.swift */; };
		0302D0D12BA79652009E54E3 /* CarrierService.swift in Sources */ = {isa = PBXBuildFile; fileRef = 0302D0CB2BA79652009E54E3 /* CarrierService.swift */; };
		030B48B02C1E111D00B7B2CB /* StoriesView.swift in Sources */ = {isa = PBXBuildFile; fileRef = 030B48AF2C1E111D00B7B2CB /* StoriesView.swift */; };
		030B48B72C1E13AA00B7B2CB /* StoriesTabView.swift in Sources */ = {isa = PBXBuildFile; fileRef = 030B48B62C1E13AA00B7B2CB /* StoriesTabView.swift */; };
		030B48BA2C1E153C00B7B2CB /* TimerConfiguration.swift in Sources */ = {isa = PBXBuildFile; fileRef = 030B48B92C1E153C00B7B2CB /* TimerConfiguration.swift */; };
		030B48BE2C1E159700B7B2CB /* ProgressBar.swift in Sources */ = {isa = PBXBuildFile; fileRef = 030B48BD2C1E159700B7B2CB /* ProgressBar.swift */; };
		030B48C02C1E15FD00B7B2CB /* StoriesProgressBar.swift in Sources */ = {isa = PBXBuildFile; fileRef = 030B48BF2C1E15FD00B7B2CB /* StoriesProgressBar.swift */; };
		031967D72BC91310003BC976 /* ServicesCallExampleView.swift in Sources */ = {isa = PBXBuildFile; fileRef = 031967D62BC91310003BC976 /* ServicesCallExampleView.swift */; };
		032397B52BD2FD9F00962ED1 /* CustomBackButtonView.swift in Sources */ = {isa = PBXBuildFile; fileRef = 032397B42BD2FD9F00962ED1 /* CustomBackButtonView.swift */; };
		032397B82BD8357400962ED1 /* CityModel.swift in Sources */ = {isa = PBXBuildFile; fileRef = 032397B72BD8357400962ED1 /* CityModel.swift */; };
		032397BF2BD83D4200962ED1 /* StationsListView.swift in Sources */ = {isa = PBXBuildFile; fileRef = 032397BE2BD83D4200962ED1 /* StationsListView.swift */; };
		032397C22BD83E5200962ED1 /* HomeTabView.swift in Sources */ = {isa = PBXBuildFile; fileRef = 032397C12BD83E5200962ED1 /* HomeTabView.swift */; };
		032397C52BD83E7F00962ED1 /* SettingsTabView.swift in Sources */ = {isa = PBXBuildFile; fileRef = 032397C42BD83E7F00962ED1 /* SettingsTabView.swift */; };
		03312BB82BCFDA9C002CA8E8 /* CityListView.swift in Sources */ = {isa = PBXBuildFile; fileRef = 03312BB72BCFDA9C002CA8E8 /* CityListView.swift */; };
		033934332C222E2C00013543 /* TimerConfiguration+Calculations.swift in Sources */ = {isa = PBXBuildFile; fileRef = 033934322C222E2C00013543 /* TimerConfiguration+Calculations.swift */; };
		034E087D2BD10B74001EB10C /* StationModel.swift in Sources */ = {isa = PBXBuildFile; fileRef = 034E087C2BD10B74001EB10C /* StationModel.swift */; };
		035F8F6C2BF6B38F00BA5962 /* TripFilterView.swift in Sources */ = {isa = PBXBuildFile; fileRef = 035F8F6B2BF6B38F00BA5962 /* TripFilterView.swift */; };
		035F8F6F2BF6B61D00BA5962 /* TripsViewModel.swift in Sources */ = {isa = PBXBuildFile; fileRef = 035F8F6E2BF6B61D00BA5962 /* TripsViewModel.swift */; };
		035F8F722BF75E1200BA5962 /* CarrierModel.swift in Sources */ = {isa = PBXBuildFile; fileRef = 035F8F712BF75E1200BA5962 /* CarrierModel.swift */; };
		035F8F752BF766A600BA5962 /* CarrierInfoView.swift in Sources */ = {isa = PBXBuildFile; fileRef = 035F8F742BF766A600BA5962 /* CarrierInfoView.swift */; };
		035F8F782BF76A0600BA5962 /* CarrierViewModel.swift in Sources */ = {isa = PBXBuildFile; fileRef = 035F8F772BF76A0600BA5962 /* CarrierViewModel.swift */; };
		035F8F7B2BF76C5D00BA5962 /* Destinations.swift in Sources */ = {isa = PBXBuildFile; fileRef = 035F8F7A2BF76C5D00BA5962 /* Destinations.swift */; };
		035F8F7F2BF7D1B500BA5962 /* ErrorView.swift in Sources */ = {isa = PBXBuildFile; fileRef = 035F8F7E2BF7D1B500BA5962 /* ErrorView.swift */; };
		036B0AD32BF960B0000F0285 /* MockData.swift in Sources */ = {isa = PBXBuildFile; fileRef = 036B0AD22BF960B0000F0285 /* MockData.swift */; };
		036B0B212C147537000F0285 /* StoryModel.swift in Sources */ = {isa = PBXBuildFile; fileRef = 036B0B202C147537000F0285 /* StoryModel.swift */; };
		036B0B232C1476BA000F0285 /* StoryPreview.swift in Sources */ = {isa = PBXBuildFile; fileRef = 036B0B222C1476BA000F0285 /* StoryPreview.swift */; };
		036B0B262C17924F000F0285 /* StoryView.swift in Sources */ = {isa = PBXBuildFile; fileRef = 036B0B252C17924F000F0285 /* StoryView.swift */; };
		038E24272BD04A5400E8CA3D /* CitiesViewModel.swift in Sources */ = {isa = PBXBuildFile; fileRef = 038E24262BD04A5400E8CA3D /* CitiesViewModel.swift */; };
		038E24292BD04E0300E8CA3D /* SearchBar.swift in Sources */ = {isa = PBXBuildFile; fileRef = 038E24282BD04E0300E8CA3D /* SearchBar.swift */; };
		039726C52C4BAFE000CFC4A9 /* NetworkClient.swift in Sources */ = {isa = PBXBuildFile; fileRef = 039726C42C4BAFE000CFC4A9 /* NetworkClient.swift */; };
		039DB08B2BC90CA6003EA86A /* SplashScreenView.swift in Sources */ = {isa = PBXBuildFile; fileRef = 039DB08A2BC90CA6003EA86A /* SplashScreenView.swift */; };
		03BACB392BE3A29C003D9F8C /* TripModel.swift in Sources */ = {isa = PBXBuildFile; fileRef = 03BACB382BE3A29C003D9F8C /* TripModel.swift */; };
		03BACB3C2BE4F92B003D9F8C /* TripRowView.swift in Sources */ = {isa = PBXBuildFile; fileRef = 03BACB3B2BE4F92B003D9F8C /* TripRowView.swift */; };
		03BACB3F2BE9663A003D9F8C /* TripsListView.swift in Sources */ = {isa = PBXBuildFile; fileRef = 03BACB3E2BE9663A003D9F8C /* TripsListView.swift */; };
		03BD17732C45B7600054A650 /* SettingsViewModel.swift in Sources */ = {isa = PBXBuildFile; fileRef = 03BD17722C45B7600054A650 /* SettingsViewModel.swift */; };
		03BD17752C45BADE0054A650 /* HomeViewModel.swift in Sources */ = {isa = PBXBuildFile; fileRef = 03BD17742C45BADE0054A650 /* HomeViewModel.swift */; };
		03BD17792C45BE080054A650 /* StationsViewModel.swift in Sources */ = {isa = PBXBuildFile; fileRef = 03BD17782C45BE080054A650 /* StationsViewModel.swift */; };
		03F2F1872BD2F38C00E17A96 /* WebView.swift in Sources */ = {isa = PBXBuildFile; fileRef = 03F2F1862BD2F38C00E17A96 /* WebView.swift */; };
		03F2F18A2BD2F41300E17A96 /* WebContentView.swift in Sources */ = {isa = PBXBuildFile; fileRef = 03F2F1892BD2F41300E17A96 /* WebContentView.swift */; };
/* End PBXBuildFile section */

/* Begin PBXFileReference section */
		0302D09F2BA793EB009E54E3 /* TravelScheduler.app */ = {isa = PBXFileReference; explicitFileType = wrapper.application; includeInIndex = 0; path = TravelScheduler.app; sourceTree = BUILT_PRODUCTS_DIR; };
		0302D0A22BA793EB009E54E3 /* TravelSchedulerApp.swift */ = {isa = PBXFileReference; lastKnownFileType = sourcecode.swift; path = TravelSchedulerApp.swift; sourceTree = "<group>"; };
		0302D0A42BA793EB009E54E3 /* MainTabView.swift */ = {isa = PBXFileReference; lastKnownFileType = sourcecode.swift; path = MainTabView.swift; sourceTree = "<group>"; };
		0302D0A62BA793EC009E54E3 /* Assets.xcassets */ = {isa = PBXFileReference; lastKnownFileType = folder.assetcatalog; path = Assets.xcassets; sourceTree = "<group>"; };
		0302D0A92BA793EC009E54E3 /* Preview Assets.xcassets */ = {isa = PBXFileReference; lastKnownFileType = folder.assetcatalog; path = "Preview Assets.xcassets"; sourceTree = "<group>"; };
		0302D0BB2BA795C8009E54E3 /* openapi.yaml */ = {isa = PBXFileReference; lastKnownFileType = text.yaml; path = openapi.yaml; sourceTree = "<group>"; };
		0302D0BD2BA795E5009E54E3 /* openapi-generator-config.yaml */ = {isa = PBXFileReference; lastKnownFileType = text.yaml; path = "openapi-generator-config.yaml"; sourceTree = "<group>"; };
		0302D0C22BA7962C009E54E3 /* NearestStationsService.swift */ = {isa = PBXFileReference; lastKnownFileType = sourcecode.swift; path = NearestStationsService.swift; sourceTree = "<group>"; };
		0302D0C42BA79646009E54E3 /* NearestSettlementService.swift */ = {isa = PBXFileReference; fileEncoding = 4; lastKnownFileType = sourcecode.swift; path = NearestSettlementService.swift; sourceTree = "<group>"; };
		0302D0C62BA79651009E54E3 /* CopyrightService.swift */ = {isa = PBXFileReference; fileEncoding = 4; lastKnownFileType = sourcecode.swift; path = CopyrightService.swift; sourceTree = "<group>"; };
		0302D0C72BA79651009E54E3 /* ScheduleService.swift */ = {isa = PBXFileReference; fileEncoding = 4; lastKnownFileType = sourcecode.swift; path = ScheduleService.swift; sourceTree = "<group>"; };
		0302D0C82BA79651009E54E3 /* SearchService.swift */ = {isa = PBXFileReference; fileEncoding = 4; lastKnownFileType = sourcecode.swift; path = SearchService.swift; sourceTree = "<group>"; };
		0302D0C92BA79652009E54E3 /* ThreadListService.swift */ = {isa = PBXFileReference; fileEncoding = 4; lastKnownFileType = sourcecode.swift; path = ThreadListService.swift; sourceTree = "<group>"; };
		0302D0CA2BA79652009E54E3 /* AllStationsService.swift */ = {isa = PBXFileReference; fileEncoding = 4; lastKnownFileType = sourcecode.swift; path = AllStationsService.swift; sourceTree = "<group>"; };
		0302D0CB2BA79652009E54E3 /* CarrierService.swift */ = {isa = PBXFileReference; fileEncoding = 4; lastKnownFileType = sourcecode.swift; path = CarrierService.swift; sourceTree = "<group>"; };
		030B48AF2C1E111D00B7B2CB /* StoriesView.swift */ = {isa = PBXFileReference; lastKnownFileType = sourcecode.swift; path = StoriesView.swift; sourceTree = "<group>"; };
		030B48B62C1E13AA00B7B2CB /* StoriesTabView.swift */ = {isa = PBXFileReference; lastKnownFileType = sourcecode.swift; path = StoriesTabView.swift; sourceTree = "<group>"; };
		030B48B92C1E153C00B7B2CB /* TimerConfiguration.swift */ = {isa = PBXFileReference; lastKnownFileType = sourcecode.swift; path = TimerConfiguration.swift; sourceTree = "<group>"; };
		030B48BD2C1E159700B7B2CB /* ProgressBar.swift */ = {isa = PBXFileReference; lastKnownFileType = sourcecode.swift; path = ProgressBar.swift; sourceTree = "<group>"; };
		030B48BF2C1E15FD00B7B2CB /* StoriesProgressBar.swift */ = {isa = PBXFileReference; lastKnownFileType = sourcecode.swift; path = StoriesProgressBar.swift; sourceTree = "<group>"; };
		031967D62BC91310003BC976 /* ServicesCallExampleView.swift */ = {isa = PBXFileReference; lastKnownFileType = sourcecode.swift; path = ServicesCallExampleView.swift; sourceTree = "<group>"; };
		032397B42BD2FD9F00962ED1 /* CustomBackButtonView.swift */ = {isa = PBXFileReference; lastKnownFileType = sourcecode.swift; path = CustomBackButtonView.swift; sourceTree = "<group>"; };
		032397B72BD8357400962ED1 /* CityModel.swift */ = {isa = PBXFileReference; lastKnownFileType = sourcecode.swift; path = CityModel.swift; sourceTree = "<group>"; };
		032397BE2BD83D4200962ED1 /* StationsListView.swift */ = {isa = PBXFileReference; lastKnownFileType = sourcecode.swift; path = StationsListView.swift; sourceTree = "<group>"; };
		032397C12BD83E5200962ED1 /* HomeTabView.swift */ = {isa = PBXFileReference; lastKnownFileType = sourcecode.swift; path = HomeTabView.swift; sourceTree = "<group>"; };
		032397C42BD83E7F00962ED1 /* SettingsTabView.swift */ = {isa = PBXFileReference; lastKnownFileType = sourcecode.swift; path = SettingsTabView.swift; sourceTree = "<group>"; };
		03312BB72BCFDA9C002CA8E8 /* CityListView.swift */ = {isa = PBXFileReference; lastKnownFileType = sourcecode.swift; path = CityListView.swift; sourceTree = "<group>"; };
		033934322C222E2C00013543 /* TimerConfiguration+Calculations.swift */ = {isa = PBXFileReference; lastKnownFileType = sourcecode.swift; path = "TimerConfiguration+Calculations.swift"; sourceTree = "<group>"; };
		034E087C2BD10B74001EB10C /* StationModel.swift */ = {isa = PBXFileReference; lastKnownFileType = sourcecode.swift; path = StationModel.swift; sourceTree = "<group>"; };
		035F8F6B2BF6B38F00BA5962 /* TripFilterView.swift */ = {isa = PBXFileReference; lastKnownFileType = sourcecode.swift; path = TripFilterView.swift; sourceTree = "<group>"; };
		035F8F6E2BF6B61D00BA5962 /* TripsViewModel.swift */ = {isa = PBXFileReference; lastKnownFileType = sourcecode.swift; path = TripsViewModel.swift; sourceTree = "<group>"; };
		035F8F712BF75E1200BA5962 /* CarrierModel.swift */ = {isa = PBXFileReference; lastKnownFileType = sourcecode.swift; path = CarrierModel.swift; sourceTree = "<group>"; };
		035F8F742BF766A600BA5962 /* CarrierInfoView.swift */ = {isa = PBXFileReference; lastKnownFileType = sourcecode.swift; path = CarrierInfoView.swift; sourceTree = "<group>"; };
		035F8F772BF76A0600BA5962 /* CarrierViewModel.swift */ = {isa = PBXFileReference; lastKnownFileType = sourcecode.swift; path = CarrierViewModel.swift; sourceTree = "<group>"; };
		035F8F7A2BF76C5D00BA5962 /* Destinations.swift */ = {isa = PBXFileReference; lastKnownFileType = sourcecode.swift; path = Destinations.swift; sourceTree = "<group>"; };
		035F8F7E2BF7D1B500BA5962 /* ErrorView.swift */ = {isa = PBXFileReference; lastKnownFileType = sourcecode.swift; path = ErrorView.swift; sourceTree = "<group>"; };
		036B0AD22BF960B0000F0285 /* MockData.swift */ = {isa = PBXFileReference; lastKnownFileType = sourcecode.swift; path = MockData.swift; sourceTree = "<group>"; };
		036B0B202C147537000F0285 /* StoryModel.swift */ = {isa = PBXFileReference; lastKnownFileType = sourcecode.swift; path = StoryModel.swift; sourceTree = "<group>"; };
		036B0B222C1476BA000F0285 /* StoryPreview.swift */ = {isa = PBXFileReference; lastKnownFileType = sourcecode.swift; path = StoryPreview.swift; sourceTree = "<group>"; };
		036B0B252C17924F000F0285 /* StoryView.swift */ = {isa = PBXFileReference; lastKnownFileType = sourcecode.swift; path = StoryView.swift; sourceTree = "<group>"; };
		038E24262BD04A5400E8CA3D /* CitiesViewModel.swift */ = {isa = PBXFileReference; lastKnownFileType = sourcecode.swift; path = CitiesViewModel.swift; sourceTree = "<group>"; };
		038E24282BD04E0300E8CA3D /* SearchBar.swift */ = {isa = PBXFileReference; lastKnownFileType = sourcecode.swift; path = SearchBar.swift; sourceTree = "<group>"; };
		039726C42C4BAFE000CFC4A9 /* NetworkClient.swift */ = {isa = PBXFileReference; lastKnownFileType = sourcecode.swift; path = NetworkClient.swift; sourceTree = "<group>"; };
		039DB08A2BC90CA6003EA86A /* SplashScreenView.swift */ = {isa = PBXFileReference; lastKnownFileType = sourcecode.swift; path = SplashScreenView.swift; sourceTree = "<group>"; };
		03BACB382BE3A29C003D9F8C /* TripModel.swift */ = {isa = PBXFileReference; lastKnownFileType = sourcecode.swift; path = TripModel.swift; sourceTree = "<group>"; };
		03BACB3B2BE4F92B003D9F8C /* TripRowView.swift */ = {isa = PBXFileReference; lastKnownFileType = sourcecode.swift; path = TripRowView.swift; sourceTree = "<group>"; };
		03BACB3E2BE9663A003D9F8C /* TripsListView.swift */ = {isa = PBXFileReference; lastKnownFileType = sourcecode.swift; path = TripsListView.swift; sourceTree = "<group>"; };
		03BD17722C45B7600054A650 /* SettingsViewModel.swift */ = {isa = PBXFileReference; lastKnownFileType = sourcecode.swift; path = SettingsViewModel.swift; sourceTree = "<group>"; };
		03BD17742C45BADE0054A650 /* HomeViewModel.swift */ = {isa = PBXFileReference; lastKnownFileType = sourcecode.swift; path = HomeViewModel.swift; sourceTree = "<group>"; };
		03BD17782C45BE080054A650 /* StationsViewModel.swift */ = {isa = PBXFileReference; lastKnownFileType = sourcecode.swift; path = StationsViewModel.swift; sourceTree = "<group>"; };
		03F2F1862BD2F38C00E17A96 /* WebView.swift */ = {isa = PBXFileReference; lastKnownFileType = sourcecode.swift; path = WebView.swift; sourceTree = "<group>"; };
		03F2F1892BD2F41300E17A96 /* WebContentView.swift */ = {isa = PBXFileReference; lastKnownFileType = sourcecode.swift; path = WebContentView.swift; sourceTree = "<group>"; };
/* End PBXFileReference section */

/* Begin PBXFrameworksBuildPhase section */
		0302D09C2BA793EB009E54E3 /* Frameworks */ = {
			isa = PBXFrameworksBuildPhase;
			buildActionMask = 2147483647;
			files = (
				0302D0B52BA79528009E54E3 /* OpenAPIRuntime in Frameworks */,
				0302D0B22BA79516009E54E3 /* OpenAPIURLSession in Frameworks */,
			);
			runOnlyForDeploymentPostprocessing = 0;
		};
/* End PBXFrameworksBuildPhase section */

/* Begin PBXGroup section */
		0302D0962BA793EB009E54E3 = {
			isa = PBXGroup;
			children = (
				0302D0A12BA793EB009E54E3 /* TravelScheduler */,
				0302D0A02BA793EB009E54E3 /* Products */,
			);
			sourceTree = "<group>";
		};
		0302D0A02BA793EB009E54E3 /* Products */ = {
			isa = PBXGroup;
			children = (
				0302D09F2BA793EB009E54E3 /* TravelScheduler.app */,
			);
			name = Products;
			sourceTree = "<group>";
		};
		0302D0A12BA793EB009E54E3 /* TravelScheduler */ = {
			isa = PBXGroup;
			children = (
				032397C82BD840C200962ED1 /* App */,
				032397C62BD840AF00962ED1 /* Views */,
				030B48BC2C1E155A00B7B2CB /* Algorithms */,
				032397C92BD840CE00962ED1 /* ViewModels */,
				032397CA2BD8413400962ED1 /* Web */,
				032397CB2BD8415200962ED1 /* Resources */,
				034E08792BD10B5F001EB10C /* Models */,
				0302D0D42BA796DA009E54E3 /* Services */,
				0302D0D22BA796C5009E54E3 /* Documents */,
				0302D0A82BA793EC009E54E3 /* Preview Content */,
			);
			path = TravelScheduler;
			sourceTree = "<group>";
		};
		0302D0A82BA793EC009E54E3 /* Preview Content */ = {
			isa = PBXGroup;
			children = (
				0302D0A92BA793EC009E54E3 /* Preview Assets.xcassets */,
			);
			path = "Preview Content";
			sourceTree = "<group>";
		};
		0302D0D22BA796C5009E54E3 /* Documents */ = {
			isa = PBXGroup;
			children = (
				0302D0BB2BA795C8009E54E3 /* openapi.yaml */,
				0302D0BD2BA795E5009E54E3 /* openapi-generator-config.yaml */,
			);
			path = Documents;
			sourceTree = "<group>";
		};
		0302D0D42BA796DA009E54E3 /* Services */ = {
			isa = PBXGroup;
			children = (
				031967D62BC91310003BC976 /* ServicesCallExampleView.swift */,
				0302D0C22BA7962C009E54E3 /* NearestStationsService.swift */,
				0302D0C42BA79646009E54E3 /* NearestSettlementService.swift */,
				0302D0CA2BA79652009E54E3 /* AllStationsService.swift */,
				0302D0CB2BA79652009E54E3 /* CarrierService.swift */,
				0302D0C62BA79651009E54E3 /* CopyrightService.swift */,
				0302D0C72BA79651009E54E3 /* ScheduleService.swift */,
				0302D0C82BA79651009E54E3 /* SearchService.swift */,
				0302D0C92BA79652009E54E3 /* ThreadListService.swift */,
				039726C42C4BAFE000CFC4A9 /* NetworkClient.swift */,
			);
			path = Services;
			sourceTree = "<group>";
		};
		030B48B22C1E138700B7B2CB /* Stories */ = {
			isa = PBXGroup;
			children = (
				036B0B222C1476BA000F0285 /* StoryPreview.swift */,
				036B0B252C17924F000F0285 /* StoryView.swift */,
				030B48AF2C1E111D00B7B2CB /* StoriesView.swift */,
				030B48B62C1E13AA00B7B2CB /* StoriesTabView.swift */,
				030B48BD2C1E159700B7B2CB /* ProgressBar.swift */,
				030B48BF2C1E15FD00B7B2CB /* StoriesProgressBar.swift */,
			);
			path = Stories;
			sourceTree = "<group>";
		};
		030B48BC2C1E155A00B7B2CB /* Algorithms */ = {
			isa = PBXGroup;
			children = (
				030B48B92C1E153C00B7B2CB /* TimerConfiguration.swift */,
				033934322C222E2C00013543 /* TimerConfiguration+Calculations.swift */,
			);
			path = Algorithms;
			sourceTree = "<group>";
		};
		032397C62BD840AF00962ED1 /* Views */ = {
			isa = PBXGroup;
			children = (
				039DB08A2BC90CA6003EA86A /* SplashScreenView.swift */,
				0302D0A42BA793EB009E54E3 /* MainTabView.swift */,
				032397C12BD83E5200962ED1 /* HomeTabView.swift */,
				035F8F7A2BF76C5D00BA5962 /* Destinations.swift */,
				032397C42BD83E7F00962ED1 /* SettingsTabView.swift */,
				03312BB72BCFDA9C002CA8E8 /* CityListView.swift */,
				032397BE2BD83D4200962ED1 /* StationsListView.swift */,
				03F2F1892BD2F41300E17A96 /* WebContentView.swift */,
				032397B42BD2FD9F00962ED1 /* CustomBackButtonView.swift */,
				038E24282BD04E0300E8CA3D /* SearchBar.swift */,
				03BACB3B2BE4F92B003D9F8C /* TripRowView.swift */,
				03BACB3E2BE9663A003D9F8C /* TripsListView.swift */,
				035F8F6B2BF6B38F00BA5962 /* TripFilterView.swift */,
				035F8F742BF766A600BA5962 /* CarrierInfoView.swift */,
				035F8F7E2BF7D1B500BA5962 /* ErrorView.swift */,
				030B48B22C1E138700B7B2CB /* Stories */,
			);
			path = Views;
			sourceTree = "<group>";
		};
		032397C82BD840C200962ED1 /* App */ = {
			isa = PBXGroup;
			children = (
				0302D0A22BA793EB009E54E3 /* TravelSchedulerApp.swift */,
			);
			path = App;
			sourceTree = "<group>";
		};
		032397C92BD840CE00962ED1 /* ViewModels */ = {
			isa = PBXGroup;
			children = (
				038E24262BD04A5400E8CA3D /* CitiesViewModel.swift */,
				03BD17722C45B7600054A650 /* SettingsViewModel.swift */,
				03BD17782C45BE080054A650 /* StationsViewModel.swift */,
				035F8F6E2BF6B61D00BA5962 /* TripsViewModel.swift */,
				03BD17742C45BADE0054A650 /* HomeViewModel.swift */,
				035F8F772BF76A0600BA5962 /* CarrierViewModel.swift */,
				036B0AD22BF960B0000F0285 /* MockData.swift */,
			);
			path = ViewModels;
			sourceTree = "<group>";
		};
		032397CA2BD8413400962ED1 /* Web */ = {
			isa = PBXGroup;
			children = (
				03F2F1862BD2F38C00E17A96 /* WebView.swift */,
			);
			path = Web;
			sourceTree = "<group>";
		};
		032397CB2BD8415200962ED1 /* Resources */ = {
			isa = PBXGroup;
			children = (
				0302D0A62BA793EC009E54E3 /* Assets.xcassets */,
			);
			path = Resources;
			sourceTree = "<group>";
		};
		034E08792BD10B5F001EB10C /* Models */ = {
			isa = PBXGroup;
			children = (
				034E087C2BD10B74001EB10C /* StationModel.swift */,
				036B0B202C147537000F0285 /* StoryModel.swift */,
				03BACB382BE3A29C003D9F8C /* TripModel.swift */,
				032397B72BD8357400962ED1 /* CityModel.swift */,
				035F8F712BF75E1200BA5962 /* CarrierModel.swift */,
			);
			path = Models;
			sourceTree = "<group>";
		};
/* End PBXGroup section */

/* Begin PBXNativeTarget section */
		0302D09E2BA793EB009E54E3 /* TravelScheduler */ = {
			isa = PBXNativeTarget;
			buildConfigurationList = 0302D0AD2BA793EC009E54E3 /* Build configuration list for PBXNativeTarget "TravelScheduler" */;
			buildPhases = (
				0302D09B2BA793EB009E54E3 /* Sources */,
				0302D09C2BA793EB009E54E3 /* Frameworks */,
				0302D09D2BA793EB009E54E3 /* Resources */,
			);
			buildRules = (
			);
			dependencies = (
				0302D0C02BA7960B009E54E3 /* PBXTargetDependency */,
			);
			name = TravelScheduler;
			packageProductDependencies = (
				0302D0B12BA79516009E54E3 /* OpenAPIURLSession */,
				0302D0B42BA79528009E54E3 /* OpenAPIRuntime */,
			);
			productName = TravelScheduler;
			productReference = 0302D09F2BA793EB009E54E3 /* TravelScheduler.app */;
			productType = "com.apple.product-type.application";
		};
/* End PBXNativeTarget section */

/* Begin PBXProject section */
		0302D0972BA793EB009E54E3 /* Project object */ = {
			isa = PBXProject;
			attributes = {
				BuildIndependentTargetsInParallel = 1;
				LastSwiftUpdateCheck = 1500;
				LastUpgradeCheck = 1500;
				TargetAttributes = {
					0302D09E2BA793EB009E54E3 = {
						CreatedOnToolsVersion = 15.0.1;
					};
				};
			};
			buildConfigurationList = 0302D09A2BA793EB009E54E3 /* Build configuration list for PBXProject "TravelScheduler" */;
			compatibilityVersion = "Xcode 14.0";
			developmentRegion = en;
			hasScannedForEncodings = 0;
			knownRegions = (
				en,
				Base,
			);
			mainGroup = 0302D0962BA793EB009E54E3;
			packageReferences = (
				0302D0B02BA79516009E54E3 /* XCRemoteSwiftPackageReference "swift-openapi-urlsession" */,
				0302D0B32BA79528009E54E3 /* XCRemoteSwiftPackageReference "swift-openapi-runtime" */,
				0302D0B62BA7953B009E54E3 /* XCRemoteSwiftPackageReference "swift-openapi-generator" */,
			);
			productRefGroup = 0302D0A02BA793EB009E54E3 /* Products */;
			projectDirPath = "";
			projectRoot = "";
			targets = (
				0302D09E2BA793EB009E54E3 /* TravelScheduler */,
			);
		};
/* End PBXProject section */

/* Begin PBXResourcesBuildPhase section */
		0302D09D2BA793EB009E54E3 /* Resources */ = {
			isa = PBXResourcesBuildPhase;
			buildActionMask = 2147483647;
			files = (
				0302D0AA2BA793EC009E54E3 /* Preview Assets.xcassets in Resources */,
				0302D0BE2BA795E5009E54E3 /* openapi-generator-config.yaml in Resources */,
				0302D0A72BA793EC009E54E3 /* Assets.xcassets in Resources */,
				0302D0BC2BA795C8009E54E3 /* openapi.yaml in Resources */,
			);
			runOnlyForDeploymentPostprocessing = 0;
		};
/* End PBXResourcesBuildPhase section */

/* Begin PBXSourcesBuildPhase section */
		0302D09B2BA793EB009E54E3 /* Sources */ = {
			isa = PBXSourcesBuildPhase;
			buildActionMask = 2147483647;
			files = (
				032397B82BD8357400962ED1 /* CityModel.swift in Sources */,
				032397C52BD83E7F00962ED1 /* SettingsTabView.swift in Sources */,
				039726C52C4BAFE000CFC4A9 /* NetworkClient.swift in Sources */,
				036B0B232C1476BA000F0285 /* StoryPreview.swift in Sources */,
				035F8F7B2BF76C5D00BA5962 /* Destinations.swift in Sources */,
				03BACB392BE3A29C003D9F8C /* TripModel.swift in Sources */,
				034E087D2BD10B74001EB10C /* StationModel.swift in Sources */,
				03BACB3C2BE4F92B003D9F8C /* TripRowView.swift in Sources */,
				032397BF2BD83D4200962ED1 /* StationsListView.swift in Sources */,
				0302D0D12BA79652009E54E3 /* CarrierService.swift in Sources */,
				036B0B262C17924F000F0285 /* StoryView.swift in Sources */,
				0302D0CD2BA79652009E54E3 /* ScheduleService.swift in Sources */,
				032397C22BD83E5200962ED1 /* HomeTabView.swift in Sources */,
				035F8F6F2BF6B61D00BA5962 /* TripsViewModel.swift in Sources */,
				03BD17792C45BE080054A650 /* StationsViewModel.swift in Sources */,
				03BACB3F2BE9663A003D9F8C /* TripsListView.swift in Sources */,
				030B48B72C1E13AA00B7B2CB /* StoriesTabView.swift in Sources */,
				033934332C222E2C00013543 /* TimerConfiguration+Calculations.swift in Sources */,
				038E24292BD04E0300E8CA3D /* SearchBar.swift in Sources */,
				0302D0A52BA793EB009E54E3 /* MainTabView.swift in Sources */,
				035F8F7F2BF7D1B500BA5962 /* ErrorView.swift in Sources */,
				03BD17732C45B7600054A650 /* SettingsViewModel.swift in Sources */,
				0302D0D02BA79652009E54E3 /* AllStationsService.swift in Sources */,
				039DB08B2BC90CA6003EA86A /* SplashScreenView.swift in Sources */,
				030B48BA2C1E153C00B7B2CB /* TimerConfiguration.swift in Sources */,
				0302D0C52BA79647009E54E3 /* NearestSettlementService.swift in Sources */,
				030B48B02C1E111D00B7B2CB /* StoriesView.swift in Sources */,
				036B0AD32BF960B0000F0285 /* MockData.swift in Sources */,
				0302D0C32BA7962C009E54E3 /* NearestStationsService.swift in Sources */,
				035F8F6C2BF6B38F00BA5962 /* TripFilterView.swift in Sources */,
				03BD17752C45BADE0054A650 /* HomeViewModel.swift in Sources */,
				030B48BE2C1E159700B7B2CB /* ProgressBar.swift in Sources */,
				031967D72BC91310003BC976 /* ServicesCallExampleView.swift in Sources */,
				030B48C02C1E15FD00B7B2CB /* StoriesProgressBar.swift in Sources */,
				03312BB82BCFDA9C002CA8E8 /* CityListView.swift in Sources */,
				03F2F1872BD2F38C00E17A96 /* WebView.swift in Sources */,
				032397B52BD2FD9F00962ED1 /* CustomBackButtonView.swift in Sources */,
				035F8F782BF76A0600BA5962 /* CarrierViewModel.swift in Sources */,
				035F8F722BF75E1200BA5962 /* CarrierModel.swift in Sources */,
				0302D0CE2BA79652009E54E3 /* SearchService.swift in Sources */,
				03F2F18A2BD2F41300E17A96 /* WebContentView.swift in Sources */,
				038E24272BD04A5400E8CA3D /* CitiesViewModel.swift in Sources */,
				0302D0A32BA793EB009E54E3 /* TravelSchedulerApp.swift in Sources */,
				0302D0CC2BA79652009E54E3 /* CopyrightService.swift in Sources */,
				035F8F752BF766A600BA5962 /* CarrierInfoView.swift in Sources */,
				0302D0CF2BA79652009E54E3 /* ThreadListService.swift in Sources */,
				036B0B212C147537000F0285 /* StoryModel.swift in Sources */,
			);
			runOnlyForDeploymentPostprocessing = 0;
		};
/* End PBXSourcesBuildPhase section */

/* Begin PBXTargetDependency section */
		0302D0C02BA7960B009E54E3 /* PBXTargetDependency */ = {
			isa = PBXTargetDependency;
			productRef = 0302D0BF2BA7960B009E54E3 /* OpenAPIGenerator */;
		};
/* End PBXTargetDependency section */

/* Begin XCBuildConfiguration section */
		0302D0AB2BA793EC009E54E3 /* Debug */ = {
			isa = XCBuildConfiguration;
			buildSettings = {
				ALWAYS_SEARCH_USER_PATHS = NO;
				ASSETCATALOG_COMPILER_GENERATE_SWIFT_ASSET_SYMBOL_EXTENSIONS = YES;
				CLANG_ANALYZER_NONNULL = YES;
				CLANG_ANALYZER_NUMBER_OBJECT_CONVERSION = YES_AGGRESSIVE;
				CLANG_CXX_LANGUAGE_STANDARD = "gnu++20";
				CLANG_ENABLE_MODULES = YES;
				CLANG_ENABLE_OBJC_ARC = YES;
				CLANG_ENABLE_OBJC_WEAK = YES;
				CLANG_WARN_BLOCK_CAPTURE_AUTORELEASING = YES;
				CLANG_WARN_BOOL_CONVERSION = YES;
				CLANG_WARN_COMMA = YES;
				CLANG_WARN_CONSTANT_CONVERSION = YES;
				CLANG_WARN_DEPRECATED_OBJC_IMPLEMENTATIONS = YES;
				CLANG_WARN_DIRECT_OBJC_ISA_USAGE = YES_ERROR;
				CLANG_WARN_DOCUMENTATION_COMMENTS = YES;
				CLANG_WARN_EMPTY_BODY = YES;
				CLANG_WARN_ENUM_CONVERSION = YES;
				CLANG_WARN_INFINITE_RECURSION = YES;
				CLANG_WARN_INT_CONVERSION = YES;
				CLANG_WARN_NON_LITERAL_NULL_CONVERSION = YES;
				CLANG_WARN_OBJC_IMPLICIT_RETAIN_SELF = YES;
				CLANG_WARN_OBJC_LITERAL_CONVERSION = YES;
				CLANG_WARN_OBJC_ROOT_CLASS = YES_ERROR;
				CLANG_WARN_QUOTED_INCLUDE_IN_FRAMEWORK_HEADER = YES;
				CLANG_WARN_RANGE_LOOP_ANALYSIS = YES;
				CLANG_WARN_STRICT_PROTOTYPES = YES;
				CLANG_WARN_SUSPICIOUS_MOVE = YES;
				CLANG_WARN_UNGUARDED_AVAILABILITY = YES_AGGRESSIVE;
				CLANG_WARN_UNREACHABLE_CODE = YES;
				CLANG_WARN__DUPLICATE_METHOD_MATCH = YES;
				COPY_PHASE_STRIP = NO;
				DEBUG_INFORMATION_FORMAT = dwarf;
				ENABLE_STRICT_OBJC_MSGSEND = YES;
				ENABLE_TESTABILITY = YES;
				ENABLE_USER_SCRIPT_SANDBOXING = YES;
				GCC_C_LANGUAGE_STANDARD = gnu17;
				GCC_DYNAMIC_NO_PIC = NO;
				GCC_NO_COMMON_BLOCKS = YES;
				GCC_OPTIMIZATION_LEVEL = 0;
				GCC_PREPROCESSOR_DEFINITIONS = (
					"DEBUG=1",
					"$(inherited)",
				);
				GCC_WARN_64_TO_32_BIT_CONVERSION = YES;
				GCC_WARN_ABOUT_RETURN_TYPE = YES_ERROR;
				GCC_WARN_UNDECLARED_SELECTOR = YES;
				GCC_WARN_UNINITIALIZED_AUTOS = YES_AGGRESSIVE;
				GCC_WARN_UNUSED_FUNCTION = YES;
				GCC_WARN_UNUSED_VARIABLE = YES;
				IPHONEOS_DEPLOYMENT_TARGET = 17.0;
				LOCALIZATION_PREFERS_STRING_CATALOGS = YES;
				MTL_ENABLE_DEBUG_INFO = INCLUDE_SOURCE;
				MTL_FAST_MATH = YES;
				ONLY_ACTIVE_ARCH = YES;
				SDKROOT = iphoneos;
				SWIFT_ACTIVE_COMPILATION_CONDITIONS = "DEBUG $(inherited)";
				SWIFT_OPTIMIZATION_LEVEL = "-Onone";
			};
			name = Debug;
		};
		0302D0AC2BA793EC009E54E3 /* Release */ = {
			isa = XCBuildConfiguration;
			buildSettings = {
				ALWAYS_SEARCH_USER_PATHS = NO;
				ASSETCATALOG_COMPILER_GENERATE_SWIFT_ASSET_SYMBOL_EXTENSIONS = YES;
				CLANG_ANALYZER_NONNULL = YES;
				CLANG_ANALYZER_NUMBER_OBJECT_CONVERSION = YES_AGGRESSIVE;
				CLANG_CXX_LANGUAGE_STANDARD = "gnu++20";
				CLANG_ENABLE_MODULES = YES;
				CLANG_ENABLE_OBJC_ARC = YES;
				CLANG_ENABLE_OBJC_WEAK = YES;
				CLANG_WARN_BLOCK_CAPTURE_AUTORELEASING = YES;
				CLANG_WARN_BOOL_CONVERSION = YES;
				CLANG_WARN_COMMA = YES;
				CLANG_WARN_CONSTANT_CONVERSION = YES;
				CLANG_WARN_DEPRECATED_OBJC_IMPLEMENTATIONS = YES;
				CLANG_WARN_DIRECT_OBJC_ISA_USAGE = YES_ERROR;
				CLANG_WARN_DOCUMENTATION_COMMENTS = YES;
				CLANG_WARN_EMPTY_BODY = YES;
				CLANG_WARN_ENUM_CONVERSION = YES;
				CLANG_WARN_INFINITE_RECURSION = YES;
				CLANG_WARN_INT_CONVERSION = YES;
				CLANG_WARN_NON_LITERAL_NULL_CONVERSION = YES;
				CLANG_WARN_OBJC_IMPLICIT_RETAIN_SELF = YES;
				CLANG_WARN_OBJC_LITERAL_CONVERSION = YES;
				CLANG_WARN_OBJC_ROOT_CLASS = YES_ERROR;
				CLANG_WARN_QUOTED_INCLUDE_IN_FRAMEWORK_HEADER = YES;
				CLANG_WARN_RANGE_LOOP_ANALYSIS = YES;
				CLANG_WARN_STRICT_PROTOTYPES = YES;
				CLANG_WARN_SUSPICIOUS_MOVE = YES;
				CLANG_WARN_UNGUARDED_AVAILABILITY = YES_AGGRESSIVE;
				CLANG_WARN_UNREACHABLE_CODE = YES;
				CLANG_WARN__DUPLICATE_METHOD_MATCH = YES;
				COPY_PHASE_STRIP = NO;
				DEBUG_INFORMATION_FORMAT = "dwarf-with-dsym";
				ENABLE_NS_ASSERTIONS = NO;
				ENABLE_STRICT_OBJC_MSGSEND = YES;
				ENABLE_USER_SCRIPT_SANDBOXING = YES;
				GCC_C_LANGUAGE_STANDARD = gnu17;
				GCC_NO_COMMON_BLOCKS = YES;
				GCC_WARN_64_TO_32_BIT_CONVERSION = YES;
				GCC_WARN_ABOUT_RETURN_TYPE = YES_ERROR;
				GCC_WARN_UNDECLARED_SELECTOR = YES;
				GCC_WARN_UNINITIALIZED_AUTOS = YES_AGGRESSIVE;
				GCC_WARN_UNUSED_FUNCTION = YES;
				GCC_WARN_UNUSED_VARIABLE = YES;
				IPHONEOS_DEPLOYMENT_TARGET = 17.0;
				LOCALIZATION_PREFERS_STRING_CATALOGS = YES;
				MTL_ENABLE_DEBUG_INFO = NO;
				MTL_FAST_MATH = YES;
				SDKROOT = iphoneos;
				SWIFT_COMPILATION_MODE = wholemodule;
				VALIDATE_PRODUCT = YES;
			};
			name = Release;
		};
		0302D0AE2BA793EC009E54E3 /* Debug */ = {
			isa = XCBuildConfiguration;
			buildSettings = {
				ASSETCATALOG_COMPILER_APPICON_NAME = AppIcon;
				ASSETCATALOG_COMPILER_GLOBAL_ACCENT_COLOR_NAME = AccentColor;
				CODE_SIGN_STYLE = Automatic;
				CURRENT_PROJECT_VERSION = 1;
				DEVELOPMENT_ASSET_PATHS = "\"TravelScheduler/Preview Content\"";
				DEVELOPMENT_TEAM = HJ82T4T82Z;
				ENABLE_PREVIEWS = YES;
				GENERATE_INFOPLIST_FILE = YES;
				INFOPLIST_KEY_UIApplicationSceneManifest_Generation = YES;
				INFOPLIST_KEY_UIApplicationSupportsIndirectInputEvents = YES;
				INFOPLIST_KEY_UILaunchScreen_Generation = YES;
				INFOPLIST_KEY_UISupportedInterfaceOrientations_iPad = "UIInterfaceOrientationPortrait UIInterfaceOrientationPortraitUpsideDown UIInterfaceOrientationLandscapeLeft UIInterfaceOrientationLandscapeRight";
				INFOPLIST_KEY_UISupportedInterfaceOrientations_iPhone = "UIInterfaceOrientationPortrait UIInterfaceOrientationLandscapeLeft UIInterfaceOrientationLandscapeRight";
				IPHONEOS_DEPLOYMENT_TARGET = 17.0;
				LD_RUNPATH_SEARCH_PATHS = (
					"$(inherited)",
					"@executable_path/Frameworks",
				);
				MARKETING_VERSION = 1.0;
				PRODUCT_BUNDLE_IDENTIFIER = ru.yandex.practicum.TravelScheduler;
				PRODUCT_NAME = "$(TARGET_NAME)";
				SUPPORTED_PLATFORMS = "iphoneos iphonesimulator";
				SUPPORTS_MACCATALYST = NO;
				SUPPORTS_MAC_DESIGNED_FOR_IPHONE_IPAD = NO;
				SWIFT_EMIT_LOC_STRINGS = YES;
				SWIFT_VERSION = 5.0;
				TARGETED_DEVICE_FAMILY = 1;
			};
			name = Debug;
		};
		0302D0AF2BA793EC009E54E3 /* Release */ = {
			isa = XCBuildConfiguration;
			buildSettings = {
				ASSETCATALOG_COMPILER_APPICON_NAME = AppIcon;
				ASSETCATALOG_COMPILER_GLOBAL_ACCENT_COLOR_NAME = AccentColor;
				CODE_SIGN_STYLE = Automatic;
				CURRENT_PROJECT_VERSION = 1;
				DEVELOPMENT_ASSET_PATHS = "\"TravelScheduler/Preview Content\"";
				DEVELOPMENT_TEAM = HJ82T4T82Z;
				ENABLE_PREVIEWS = YES;
				GENERATE_INFOPLIST_FILE = YES;
				INFOPLIST_KEY_UIApplicationSceneManifest_Generation = YES;
				INFOPLIST_KEY_UIApplicationSupportsIndirectInputEvents = YES;
				INFOPLIST_KEY_UILaunchScreen_Generation = YES;
				INFOPLIST_KEY_UISupportedInterfaceOrientations_iPad = "UIInterfaceOrientationPortrait UIInterfaceOrientationPortraitUpsideDown UIInterfaceOrientationLandscapeLeft UIInterfaceOrientationLandscapeRight";
				INFOPLIST_KEY_UISupportedInterfaceOrientations_iPhone = "UIInterfaceOrientationPortrait UIInterfaceOrientationLandscapeLeft UIInterfaceOrientationLandscapeRight";
				IPHONEOS_DEPLOYMENT_TARGET = 17.0;
				LD_RUNPATH_SEARCH_PATHS = (
					"$(inherited)",
					"@executable_path/Frameworks",
				);
				MARKETING_VERSION = 1.0;
				PRODUCT_BUNDLE_IDENTIFIER = ru.yandex.practicum.TravelScheduler;
				PRODUCT_NAME = "$(TARGET_NAME)";
				SUPPORTED_PLATFORMS = "iphoneos iphonesimulator";
				SUPPORTS_MACCATALYST = NO;
				SUPPORTS_MAC_DESIGNED_FOR_IPHONE_IPAD = NO;
				SWIFT_EMIT_LOC_STRINGS = YES;
				SWIFT_VERSION = 5.0;
				TARGETED_DEVICE_FAMILY = 1;
			};
			name = Release;
		};
/* End XCBuildConfiguration section */

/* Begin XCConfigurationList section */
		0302D09A2BA793EB009E54E3 /* Build configuration list for PBXProject "TravelScheduler" */ = {
			isa = XCConfigurationList;
			buildConfigurations = (
				0302D0AB2BA793EC009E54E3 /* Debug */,
				0302D0AC2BA793EC009E54E3 /* Release */,
			);
			defaultConfigurationIsVisible = 0;
			defaultConfigurationName = Release;
		};
		0302D0AD2BA793EC009E54E3 /* Build configuration list for PBXNativeTarget "TravelScheduler" */ = {
			isa = XCConfigurationList;
			buildConfigurations = (
				0302D0AE2BA793EC009E54E3 /* Debug */,
				0302D0AF2BA793EC009E54E3 /* Release */,
			);
			defaultConfigurationIsVisible = 0;
			defaultConfigurationName = Release;
		};
/* End XCConfigurationList section */

/* Begin XCRemoteSwiftPackageReference section */
		0302D0B02BA79516009E54E3 /* XCRemoteSwiftPackageReference "swift-openapi-urlsession" */ = {
			isa = XCRemoteSwiftPackageReference;
			repositoryURL = "https://github.com/apple/swift-openapi-urlsession";
			requirement = {
				kind = upToNextMajorVersion;
				minimumVersion = 1.0.1;
			};
		};
		0302D0B32BA79528009E54E3 /* XCRemoteSwiftPackageReference "swift-openapi-runtime" */ = {
			isa = XCRemoteSwiftPackageReference;
			repositoryURL = "https://github.com/apple/swift-openapi-runtime";
			requirement = {
				kind = upToNextMajorVersion;
				minimumVersion = 1.3.2;
			};
		};
		0302D0B62BA7953B009E54E3 /* XCRemoteSwiftPackageReference "swift-openapi-generator" */ = {
			isa = XCRemoteSwiftPackageReference;
			repositoryURL = "https://github.com/apple/swift-openapi-generator";
			requirement = {
				kind = upToNextMajorVersion;
				minimumVersion = 1.2.1;
			};
		};
/* End XCRemoteSwiftPackageReference section */

/* Begin XCSwiftPackageProductDependency section */
		0302D0B12BA79516009E54E3 /* OpenAPIURLSession */ = {
			isa = XCSwiftPackageProductDependency;
			package = 0302D0B02BA79516009E54E3 /* XCRemoteSwiftPackageReference "swift-openapi-urlsession" */;
			productName = OpenAPIURLSession;
		};
		0302D0B42BA79528009E54E3 /* OpenAPIRuntime */ = {
			isa = XCSwiftPackageProductDependency;
			package = 0302D0B32BA79528009E54E3 /* XCRemoteSwiftPackageReference "swift-openapi-runtime" */;
			productName = OpenAPIRuntime;
		};
		0302D0BF2BA7960B009E54E3 /* OpenAPIGenerator */ = {
			isa = XCSwiftPackageProductDependency;
			package = 0302D0B62BA7953B009E54E3 /* XCRemoteSwiftPackageReference "swift-openapi-generator" */;
			productName = "plugin:OpenAPIGenerator";
		};
/* End XCSwiftPackageProductDependency section */
	};
	rootObject = 0302D0972BA793EB009E54E3 /* Project object */;
}
